
Microsoft Visual Studio Solution File, Format Version 12.00
# Visual Studio Version 16
VisualStudioVersion = 16.0.29609.76
MinimumVisualStudioVersion = 10.0.40219.1
Project("{FAE04EC0-301F-11D3-BF4B-00C04F79EFBC}") = "pcmonitor", "pcmonitor.csproj", "{B58618EE-6E37-44C1-A52C-48B63827622F}"
EndProject
Global
	GlobalSection(SolutionConfigurationPlatforms) = preSolution
		Debug|Any CPU = Debug|Any CPU
		Release|Any CPU = Release|Any CPU
	EndGlobalSection
	GlobalSection(ProjectConfigurationPlatforms) = postSolution
		{B58618EE-6E37-44C1-A52C-48B63827622F}.Debug|Any CPU.ActiveCfg = Debug|Any CPU
		{B58618EE-6E37-44C1-A52C-48B63827622F}.Debug|Any CPU.Build.0 = Debug|Any CPU
		{B58618EE-6E37-44C1-A52C-48B63827622F}.Release|Any CPU.ActiveCfg = Release|Any CPU
		{B58618EE-6E37-44C1-A52C-48B63827622F}.Release|Any CPU.Build.0 = Release|Any CPU
	EndGlobalSection
	GlobalSection(SolutionProperties) = preSolution
		HideSolutionNode = FALSE
	EndGlobalSection
	GlobalSection(ExtensibilityGlobals) = postSolution
		SolutionGuid = {3F582318-B74B-4E3F-AD72-53D26C91D4DC}
	EndGlobalSection
EndGlobal
